// !$*UTF8*$!
{
	archiveVersion = 1;
	classes = {
	};
	objectVersion = 55;
	objects = {

/* Begin PBXBuildFile section */
		4F4253CD285A609D0065741B /* AppDelegate.swift in Sources */ = {isa = PBXBuildFile; fileRef = 4F4253CC285A609D0065741B /* AppDelegate.swift */; };
		4F4253D1285A609D0065741B /* SayingsViewController.swift in Sources */ = {isa = PBXBuildFile; fileRef = 4F4253D0285A609D0065741B /* SayingsViewController.swift */; };
		4F4253D6285A609F0065741B /* Assets.xcassets in Resources */ = {isa = PBXBuildFile; fileRef = 4F4253D5285A609F0065741B /* Assets.xcassets */; };
		4F4253D9285A609F0065741B /* LaunchScreen.storyboard in Resources */ = {isa = PBXBuildFile; fileRef = 4F4253D7285A609F0065741B /* LaunchScreen.storyboard */; };
		4F425400285A69290065741B /* Array.swift in Sources */ = {isa = PBXBuildFile; fileRef = 4F4253F6285A69290065741B /* Array.swift */; };
		4F425401285A69290065741B /* Int.swift in Sources */ = {isa = PBXBuildFile; fileRef = 4F4253F7285A69290065741B /* Int.swift */; };
		4F425402285A69290065741B /* CGFloat.swift in Sources */ = {isa = PBXBuildFile; fileRef = 4F4253F8285A69290065741B /* CGFloat.swift */; };
		4F425403285A69290065741B /* AdaptiveLayoutHelper.swift in Sources */ = {isa = PBXBuildFile; fileRef = 4F4253FA285A69290065741B /* AdaptiveLayoutHelper.swift */; };
		4F425404285A69290065741B /* Dimension.swift in Sources */ = {isa = PBXBuildFile; fileRef = 4F4253FC285A69290065741B /* Dimension.swift */; };
		4F425405285A69290065741B /* Device.swift in Sources */ = {isa = PBXBuildFile; fileRef = 4F4253FD285A69290065741B /* Device.swift */; };
		4F42540C285C76950065741B /* SayingsService.swift in Sources */ = {isa = PBXBuildFile; fileRef = 4F42540B285C76950065741B /* SayingsService.swift */; };
		4F42540F285C80600065741B /* Saying.swift in Sources */ = {isa = PBXBuildFile; fileRef = 4F42540E285C80600065741B /* Saying.swift */; };
		8513895B2885D6E000D4EDE8 /* MailRegistrationViewController.swift in Sources */ = {isa = PBXBuildFile; fileRef = 8513895A2885D6E000D4EDE8 /* MailRegistrationViewController.swift */; };
		8513895D28868C0800D4EDE8 /* UIColor+Extensions.swift in Sources */ = {isa = PBXBuildFile; fileRef = 8513895C28868C0700D4EDE8 /* UIColor+Extensions.swift */; };
		859A4B2A2869C3D4008BF432 /* UIImage+Extensions.swift in Sources */ = {isa = PBXBuildFile; fileRef = 859A4B292869C3D4008BF432 /* UIImage+Extensions.swift */; };
		859A4B2C2869C433008BF432 /* UIView+Extensions.swift in Sources */ = {isa = PBXBuildFile; fileRef = 859A4B2B2869C433008BF432 /* UIView+Extensions.swift */; };
		85B8463F2861CC7A00904D84 /* SF-Pro.ttf in Resources */ = {isa = PBXBuildFile; fileRef = 85B8463C2861CC7A00904D84 /* SF-Pro.ttf */; };
		85B846402861CC7A00904D84 /* SF-Pro-Text-Semibold.otf in Resources */ = {isa = PBXBuildFile; fileRef = 85B8463D2861CC7A00904D84 /* SF-Pro-Text-Semibold.otf */; };
		85B846412861CC7A00904D84 /* SF-Pro-Text-Regular.otf in Resources */ = {isa = PBXBuildFile; fileRef = 85B8463E2861CC7A00904D84 /* SF-Pro-Text-Regular.otf */; };
		85B846452861CD9500904D84 /* SayingsCollectionViewCell.swift in Sources */ = {isa = PBXBuildFile; fileRef = 85B846442861CD9500904D84 /* SayingsCollectionViewCell.swift */; };
		85B8464C2861D3DA00904D84 /* UserAuthorizationDataTextField.swift in Sources */ = {isa = PBXBuildFile; fileRef = 85B8464B2861D3DA00904D84 /* UserAuthorizationDataTextField.swift */; };
		85B8464E2861D3FD00904D84 /* LogInButton.swift in Sources */ = {isa = PBXBuildFile; fileRef = 85B8464D2861D3FD00904D84 /* LogInButton.swift */; };
		85B846502861D41700904D84 /* ContinueWithAccountButton.swift in Sources */ = {isa = PBXBuildFile; fileRef = 85B8464F2861D41700904D84 /* ContinueWithAccountButton.swift */; };
		85B846522861D44500904D84 /* AuthorizationViewController.swift in Sources */ = {isa = PBXBuildFile; fileRef = 85B846512861D44500904D84 /* AuthorizationViewController.swift */; };
		85B846542861EAE700904D84 /* ApplicationCoordinator.swift in Sources */ = {isa = PBXBuildFile; fileRef = 85B846532861EAE700904D84 /* ApplicationCoordinator.swift */; };
		85B846572861EBFE00904D84 /* BaseCoordinator.swift in Sources */ = {isa = PBXBuildFile; fileRef = 85B846562861EBFE00904D84 /* BaseCoordinator.swift */; };
		85B8465B2861EC7800904D84 /* Coordinatable.swift in Sources */ = {isa = PBXBuildFile; fileRef = 85B8465A2861EC7800904D84 /* Coordinatable.swift */; };
		85B8465D2861ECB300904D84 /* Presentable.swift in Sources */ = {isa = PBXBuildFile; fileRef = 85B8465C2861ECB300904D84 /* Presentable.swift */; };
		85B8465F2861ED0000904D84 /* Routable.swift in Sources */ = {isa = PBXBuildFile; fileRef = 85B8465E2861ED0000904D84 /* Routable.swift */; };
		85B846652861FAE300904D84 /* Router.swift in Sources */ = {isa = PBXBuildFile; fileRef = 85B846642861FAE300904D84 /* Router.swift */; };
		85B846682861FD2C00904D84 /* UIApplication+Extensions.swift in Sources */ = {isa = PBXBuildFile; fileRef = 85B846672861FD2C00904D84 /* UIApplication+Extensions.swift */; };
		85B8466A2862006200904D84 /* MainCoordinator.swift in Sources */ = {isa = PBXBuildFile; fileRef = 85B846692862006200904D84 /* MainCoordinator.swift */; };
		85B8466C2862009900904D84 /* MainCoordinatorOutput.swift in Sources */ = {isa = PBXBuildFile; fileRef = 85B8466B2862009900904D84 /* MainCoordinatorOutput.swift */; };
		85B8466F286200FC00904D84 /* Closures.swift in Sources */ = {isa = PBXBuildFile; fileRef = 85B8466E286200FC00904D84 /* Closures.swift */; };
		85B846712862015700904D84 /* MainModuleConfigurator.swift in Sources */ = {isa = PBXBuildFile; fileRef = 85B846702862015700904D84 /* MainModuleConfigurator.swift */; };
		85B84673286202FD00904D84 /* DeepLinkOption.swift in Sources */ = {isa = PBXBuildFile; fileRef = 85B84672286202FD00904D84 /* DeepLinkOption.swift */; };
		AB8692C6C82D28AE016FD324 /* Pods_Steemool.framework in Frameworks */ = {isa = PBXBuildFile; fileRef = A3A1E160DC7C76D0825B4124 /* Pods_Steemool.framework */; };
/* End PBXBuildFile section */

/* Begin PBXFileReference section */
		4F4253C9285A609D0065741B /* Steemool.app */ = {isa = PBXFileReference; explicitFileType = wrapper.application; includeInIndex = 0; path = Steemool.app; sourceTree = BUILT_PRODUCTS_DIR; };
		4F4253CC285A609D0065741B /* AppDelegate.swift */ = {isa = PBXFileReference; lastKnownFileType = sourcecode.swift; path = AppDelegate.swift; sourceTree = "<group>"; };
		4F4253D0285A609D0065741B /* SayingsViewController.swift */ = {isa = PBXFileReference; lastKnownFileType = sourcecode.swift; path = SayingsViewController.swift; sourceTree = "<group>"; };
		4F4253D5285A609F0065741B /* Assets.xcassets */ = {isa = PBXFileReference; lastKnownFileType = folder.assetcatalog; path = Assets.xcassets; sourceTree = "<group>"; };
		4F4253D8285A609F0065741B /* Base */ = {isa = PBXFileReference; lastKnownFileType = file.storyboard; name = Base; path = Base.lproj/LaunchScreen.storyboard; sourceTree = "<group>"; };
		4F4253DA285A609F0065741B /* Info.plist */ = {isa = PBXFileReference; lastKnownFileType = text.plist.xml; path = Info.plist; sourceTree = "<group>"; };
		4F4253F6285A69290065741B /* Array.swift */ = {isa = PBXFileReference; fileEncoding = 4; lastKnownFileType = sourcecode.swift; path = Array.swift; sourceTree = "<group>"; };
		4F4253F7285A69290065741B /* Int.swift */ = {isa = PBXFileReference; fileEncoding = 4; lastKnownFileType = sourcecode.swift; path = Int.swift; sourceTree = "<group>"; };
		4F4253F8285A69290065741B /* CGFloat.swift */ = {isa = PBXFileReference; fileEncoding = 4; lastKnownFileType = sourcecode.swift; path = CGFloat.swift; sourceTree = "<group>"; };
		4F4253FA285A69290065741B /* AdaptiveLayoutHelper.swift */ = {isa = PBXFileReference; fileEncoding = 4; lastKnownFileType = sourcecode.swift; path = AdaptiveLayoutHelper.swift; sourceTree = "<group>"; };
		4F4253FC285A69290065741B /* Dimension.swift */ = {isa = PBXFileReference; fileEncoding = 4; lastKnownFileType = sourcecode.swift; path = Dimension.swift; sourceTree = "<group>"; };
		4F4253FD285A69290065741B /* Device.swift */ = {isa = PBXFileReference; fileEncoding = 4; lastKnownFileType = sourcecode.swift; path = Device.swift; sourceTree = "<group>"; };
		4F42540B285C76950065741B /* SayingsService.swift */ = {isa = PBXFileReference; lastKnownFileType = sourcecode.swift; path = SayingsService.swift; sourceTree = "<group>"; };
		4F42540E285C80600065741B /* Saying.swift */ = {isa = PBXFileReference; lastKnownFileType = sourcecode.swift; path = Saying.swift; sourceTree = "<group>"; };
		5AF4C0D12270EE6A18D5FEBE /* Pods-Steemool.release.xcconfig */ = {isa = PBXFileReference; includeInIndex = 1; lastKnownFileType = text.xcconfig; name = "Pods-Steemool.release.xcconfig"; path = "Target Support Files/Pods-Steemool/Pods-Steemool.release.xcconfig"; sourceTree = "<group>"; };
		8513895A2885D6E000D4EDE8 /* MailRegistrationViewController.swift */ = {isa = PBXFileReference; lastKnownFileType = sourcecode.swift; path = MailRegistrationViewController.swift; sourceTree = "<group>"; };
		8513895C28868C0700D4EDE8 /* UIColor+Extensions.swift */ = {isa = PBXFileReference; lastKnownFileType = sourcecode.swift; path = "UIColor+Extensions.swift"; sourceTree = "<group>"; };
		859A4B292869C3D4008BF432 /* UIImage+Extensions.swift */ = {isa = PBXFileReference; lastKnownFileType = sourcecode.swift; path = "UIImage+Extensions.swift"; sourceTree = "<group>"; };
		859A4B2B2869C433008BF432 /* UIView+Extensions.swift */ = {isa = PBXFileReference; lastKnownFileType = sourcecode.swift; path = "UIView+Extensions.swift"; sourceTree = "<group>"; };
		85B8463C2861CC7A00904D84 /* SF-Pro.ttf */ = {isa = PBXFileReference; lastKnownFileType = file; path = "SF-Pro.ttf"; sourceTree = "<group>"; };
		85B8463D2861CC7A00904D84 /* SF-Pro-Text-Semibold.otf */ = {isa = PBXFileReference; lastKnownFileType = file; path = "SF-Pro-Text-Semibold.otf"; sourceTree = "<group>"; };
		85B8463E2861CC7A00904D84 /* SF-Pro-Text-Regular.otf */ = {isa = PBXFileReference; lastKnownFileType = file; path = "SF-Pro-Text-Regular.otf"; sourceTree = "<group>"; };
		85B846442861CD9500904D84 /* SayingsCollectionViewCell.swift */ = {isa = PBXFileReference; lastKnownFileType = sourcecode.swift; path = SayingsCollectionViewCell.swift; sourceTree = "<group>"; };
		85B8464B2861D3DA00904D84 /* UserAuthorizationDataTextField.swift */ = {isa = PBXFileReference; lastKnownFileType = sourcecode.swift; path = UserAuthorizationDataTextField.swift; sourceTree = "<group>"; };
		85B8464D2861D3FD00904D84 /* LogInButton.swift */ = {isa = PBXFileReference; lastKnownFileType = sourcecode.swift; path = LogInButton.swift; sourceTree = "<group>"; };
		85B8464F2861D41700904D84 /* ContinueWithAccountButton.swift */ = {isa = PBXFileReference; lastKnownFileType = sourcecode.swift; path = ContinueWithAccountButton.swift; sourceTree = "<group>"; };
		85B846512861D44500904D84 /* AuthorizationViewController.swift */ = {isa = PBXFileReference; lastKnownFileType = sourcecode.swift; path = AuthorizationViewController.swift; sourceTree = "<group>"; };
		85B846532861EAE700904D84 /* ApplicationCoordinator.swift */ = {isa = PBXFileReference; lastKnownFileType = sourcecode.swift; path = ApplicationCoordinator.swift; sourceTree = "<group>"; };
		85B846562861EBFE00904D84 /* BaseCoordinator.swift */ = {isa = PBXFileReference; lastKnownFileType = sourcecode.swift; path = BaseCoordinator.swift; sourceTree = "<group>"; };
		85B8465A2861EC7800904D84 /* Coordinatable.swift */ = {isa = PBXFileReference; lastKnownFileType = sourcecode.swift; path = Coordinatable.swift; sourceTree = "<group>"; };
		85B8465C2861ECB300904D84 /* Presentable.swift */ = {isa = PBXFileReference; lastKnownFileType = sourcecode.swift; path = Presentable.swift; sourceTree = "<group>"; };
		85B8465E2861ED0000904D84 /* Routable.swift */ = {isa = PBXFileReference; lastKnownFileType = sourcecode.swift; path = Routable.swift; sourceTree = "<group>"; };
		85B846642861FAE300904D84 /* Router.swift */ = {isa = PBXFileReference; lastKnownFileType = sourcecode.swift; path = Router.swift; sourceTree = "<group>"; };
		85B846672861FD2C00904D84 /* UIApplication+Extensions.swift */ = {isa = PBXFileReference; lastKnownFileType = sourcecode.swift; path = "UIApplication+Extensions.swift"; sourceTree = "<group>"; };
		85B846692862006200904D84 /* MainCoordinator.swift */ = {isa = PBXFileReference; lastKnownFileType = sourcecode.swift; path = MainCoordinator.swift; sourceTree = "<group>"; };
		85B8466B2862009900904D84 /* MainCoordinatorOutput.swift */ = {isa = PBXFileReference; lastKnownFileType = sourcecode.swift; path = MainCoordinatorOutput.swift; sourceTree = "<group>"; };
		85B8466E286200FC00904D84 /* Closures.swift */ = {isa = PBXFileReference; lastKnownFileType = sourcecode.swift; path = Closures.swift; sourceTree = "<group>"; };
		85B846702862015700904D84 /* MainModuleConfigurator.swift */ = {isa = PBXFileReference; lastKnownFileType = sourcecode.swift; path = MainModuleConfigurator.swift; sourceTree = "<group>"; };
		85B84672286202FD00904D84 /* DeepLinkOption.swift */ = {isa = PBXFileReference; lastKnownFileType = sourcecode.swift; path = DeepLinkOption.swift; sourceTree = "<group>"; };
		A3A1E160DC7C76D0825B4124 /* Pods_Steemool.framework */ = {isa = PBXFileReference; explicitFileType = wrapper.framework; includeInIndex = 0; path = Pods_Steemool.framework; sourceTree = BUILT_PRODUCTS_DIR; };
		FF8DD6751282B1617567AFED /* Pods-Steemool.debug.xcconfig */ = {isa = PBXFileReference; includeInIndex = 1; lastKnownFileType = text.xcconfig; name = "Pods-Steemool.debug.xcconfig"; path = "Target Support Files/Pods-Steemool/Pods-Steemool.debug.xcconfig"; sourceTree = "<group>"; };
/* End PBXFileReference section */

/* Begin PBXFrameworksBuildPhase section */
		4F4253C6285A609D0065741B /* Frameworks */ = {
			isa = PBXFrameworksBuildPhase;
			buildActionMask = 2147483647;
			files = (
				AB8692C6C82D28AE016FD324 /* Pods_Steemool.framework in Frameworks */,
			);
			runOnlyForDeploymentPostprocessing = 0;
		};
/* End PBXFrameworksBuildPhase section */

/* Begin PBXGroup section */
		1A2B20BF9E245CEF864EF131 /* Pods */ = {
			isa = PBXGroup;
			children = (
				FF8DD6751282B1617567AFED /* Pods-Steemool.debug.xcconfig */,
				5AF4C0D12270EE6A18D5FEBE /* Pods-Steemool.release.xcconfig */,
			);
			path = Pods;
			sourceTree = "<group>";
		};
		4F4253C0285A609D0065741B = {
			isa = PBXGroup;
			children = (
				4F4253CB285A609D0065741B /* Steemool */,
				4F4253CA285A609D0065741B /* Products */,
				1A2B20BF9E245CEF864EF131 /* Pods */,
				824E13F824DD078EB8223CCC /* Frameworks */,
			);
			sourceTree = "<group>";
		};
		4F4253CA285A609D0065741B /* Products */ = {
			isa = PBXGroup;
			children = (
				4F4253C9285A609D0065741B /* Steemool.app */,
			);
			name = Products;
			sourceTree = "<group>";
		};
		4F4253CB285A609D0065741B /* Steemool */ = {
			isa = PBXGroup;
			children = (
				4F42540D285C80550065741B /* Models */,
				4F42540A285C76630065741B /* Services */,
				4F4253E0285A60F50065741B /* Application */,
				4F4253E1285A61010065741B /* ViewControllers */,
				85B846602861F66000904D84 /* Main */,
				4F4253E3285A64F50065741B /* Library */,
				4F4253E2285A612E0065741B /* Resources */,
			);
			path = Steemool;
			sourceTree = "<group>";
		};
		4F4253E0285A60F50065741B /* Application */ = {
			isa = PBXGroup;
			children = (
				85B846532861EAE700904D84 /* ApplicationCoordinator.swift */,
				85B84672286202FD00904D84 /* DeepLinkOption.swift */,
				4F4253CC285A609D0065741B /* AppDelegate.swift */,
				4F4253D7285A609F0065741B /* LaunchScreen.storyboard */,
				4F4253DA285A609F0065741B /* Info.plist */,
			);
			path = Application;
			sourceTree = "<group>";
		};
		4F4253E1285A61010065741B /* ViewControllers */ = {
			isa = PBXGroup;
			children = (
				4F4253D0285A609D0065741B /* SayingsViewController.swift */,
				85B846512861D44500904D84 /* AuthorizationViewController.swift */,
				8513895A2885D6E000D4EDE8 /* MailRegistrationViewController.swift */,
			);
			path = ViewControllers;
			sourceTree = "<group>";
		};
		4F4253E2285A612E0065741B /* Resources */ = {
			isa = PBXGroup;
			children = (
				85B8466D286200B800904D84 /* Constants */,
				85B8463B2861CC6500904D84 /* Fonts */,
				4F4253D5285A609F0065741B /* Assets.xcassets */,
			);
			path = Resources;
			sourceTree = "<group>";
		};
		4F4253E3285A64F50065741B /* Library */ = {
			isa = PBXGroup;
			children = (
				85B846422861CD6A00904D84 /* Views */,
				85B846662861FCE800904D84 /* Extensions */,
				85B846612861FAB300904D84 /* Helpers */,
				85B846552861EBEA00904D84 /* Base */,
				85B846582861EC5A00904D84 /* Protocols */,
				4F4253E4285A65140065741B /* AdaptiveLayout */,
			);
			path = Library;
			sourceTree = "<group>";
		};
		4F4253E4285A65140065741B /* AdaptiveLayout */ = {
			isa = PBXGroup;
			children = (
				4F4253FB285A69290065741B /* Enums */,
				4F4253F4285A69290065741B /* Extensions */,
				4F4253F9285A69290065741B /* Helpers */,
			);
			path = AdaptiveLayout;
			sourceTree = "<group>";
		};
		4F4253F4285A69290065741B /* Extensions */ = {
			isa = PBXGroup;
			children = (
				4F4253F6285A69290065741B /* Array.swift */,
				4F4253F7285A69290065741B /* Int.swift */,
				4F4253F8285A69290065741B /* CGFloat.swift */,
			);
			path = Extensions;
			sourceTree = "<group>";
		};
		4F4253F9285A69290065741B /* Helpers */ = {
			isa = PBXGroup;
			children = (
				4F4253FA285A69290065741B /* AdaptiveLayoutHelper.swift */,
			);
			path = Helpers;
			sourceTree = "<group>";
		};
		4F4253FB285A69290065741B /* Enums */ = {
			isa = PBXGroup;
			children = (
				4F4253FC285A69290065741B /* Dimension.swift */,
				4F4253FD285A69290065741B /* Device.swift */,
			);
			path = Enums;
			sourceTree = "<group>";
		};
		4F42540A285C76630065741B /* Services */ = {
			isa = PBXGroup;
			children = (
				4F42540B285C76950065741B /* SayingsService.swift */,
			);
			path = Services;
			sourceTree = "<group>";
		};
		4F42540D285C80550065741B /* Models */ = {
			isa = PBXGroup;
			children = (
				4F42540E285C80600065741B /* Saying.swift */,
			);
			path = Models;
			sourceTree = "<group>";
		};
		824E13F824DD078EB8223CCC /* Frameworks */ = {
			isa = PBXGroup;
			children = (
				A3A1E160DC7C76D0825B4124 /* Pods_Steemool.framework */,
			);
			name = Frameworks;
			sourceTree = "<group>";
		};
		85B8463B2861CC6500904D84 /* Fonts */ = {
			isa = PBXGroup;
			children = (
				85B8463E2861CC7A00904D84 /* SF-Pro-Text-Regular.otf */,
				85B8463D2861CC7A00904D84 /* SF-Pro-Text-Semibold.otf */,
				85B8463C2861CC7A00904D84 /* SF-Pro.ttf */,
			);
			path = Fonts;
			sourceTree = "<group>";
		};
		85B846422861CD6A00904D84 /* Views */ = {
			isa = PBXGroup;
			children = (
				85B846492861D3B700904D84 /* TextFields */,
				85B8464A2861D3C700904D84 /* Buttons */,
				85B846432861CD7D00904D84 /* Cells */,
			);
			path = Views;
			sourceTree = "<group>";
		};
		85B846432861CD7D00904D84 /* Cells */ = {
			isa = PBXGroup;
			children = (
				85B846442861CD9500904D84 /* SayingsCollectionViewCell.swift */,
			);
			path = Cells;
			sourceTree = "<group>";
		};
		85B846492861D3B700904D84 /* TextFields */ = {
			isa = PBXGroup;
			children = (
				85B8464B2861D3DA00904D84 /* UserAuthorizationDataTextField.swift */,
			);
			path = TextFields;
			sourceTree = "<group>";
		};
		85B8464A2861D3C700904D84 /* Buttons */ = {
			isa = PBXGroup;
			children = (
				85B8464D2861D3FD00904D84 /* LogInButton.swift */,
				85B8464F2861D41700904D84 /* ContinueWithAccountButton.swift */,
			);
			path = Buttons;
			sourceTree = "<group>";
		};
		85B846552861EBEA00904D84 /* Base */ = {
			isa = PBXGroup;
			children = (
				85B846562861EBFE00904D84 /* BaseCoordinator.swift */,
			);
			path = Base;
			sourceTree = "<group>";
		};
		85B846582861EC5A00904D84 /* Protocols */ = {
			isa = PBXGroup;
			children = (
				85B8465A2861EC7800904D84 /* Coordinatable.swift */,
				85B8465C2861ECB300904D84 /* Presentable.swift */,
				85B8465E2861ED0000904D84 /* Routable.swift */,
			);
			path = Protocols;
			sourceTree = "<group>";
		};
		85B846602861F66000904D84 /* Main */ = {
			isa = PBXGroup;
			children = (
				85B846692862006200904D84 /* MainCoordinator.swift */,
				85B8466B2862009900904D84 /* MainCoordinatorOutput.swift */,
				85B846702862015700904D84 /* MainModuleConfigurator.swift */,
			);
			path = Main;
			sourceTree = "<group>";
		};
		85B846612861FAB300904D84 /* Helpers */ = {
			isa = PBXGroup;
			children = (
				85B846642861FAE300904D84 /* Router.swift */,
			);
			path = Helpers;
			sourceTree = "<group>";
		};
		85B846662861FCE800904D84 /* Extensions */ = {
			isa = PBXGroup;
			children = (
				85B846672861FD2C00904D84 /* UIApplication+Extensions.swift */,
				859A4B292869C3D4008BF432 /* UIImage+Extensions.swift */,
				859A4B2B2869C433008BF432 /* UIView+Extensions.swift */,
				8513895C28868C0700D4EDE8 /* UIColor+Extensions.swift */,
			);
			path = Extensions;
			sourceTree = "<group>";
		};
		85B8466D286200B800904D84 /* Constants */ = {
			isa = PBXGroup;
			children = (
				85B8466E286200FC00904D84 /* Closures.swift */,
			);
			path = Constants;
			sourceTree = "<group>";
		};
/* End PBXGroup section */

/* Begin PBXNativeTarget section */
		4F4253C8285A609D0065741B /* Steemool */ = {
			isa = PBXNativeTarget;
			buildConfigurationList = 4F4253DD285A609F0065741B /* Build configuration list for PBXNativeTarget "Steemool" */;
			buildPhases = (
				03356EAA7D8E37C23C6F5184 /* [CP] Check Pods Manifest.lock */,
				4F4253C5285A609D0065741B /* Sources */,
				4F4253C6285A609D0065741B /* Frameworks */,
				4F4253C7285A609D0065741B /* Resources */,
				E04FC954AD437F614DABCB61 /* [CP] Embed Pods Frameworks */,
			);
			buildRules = (
			);
			dependencies = (
			);
			name = Steemool;
			productName = Steemool;
			productReference = 4F4253C9285A609D0065741B /* Steemool.app */;
			productType = "com.apple.product-type.application";
		};
/* End PBXNativeTarget section */

/* Begin PBXProject section */
		4F4253C1285A609D0065741B /* Project object */ = {
			isa = PBXProject;
			attributes = {
				BuildIndependentTargetsInParallel = 1;
				LastSwiftUpdateCheck = 1330;
				LastUpgradeCheck = 1330;
				TargetAttributes = {
					4F4253C8285A609D0065741B = {
						CreatedOnToolsVersion = 13.3.1;
					};
				};
			};
			buildConfigurationList = 4F4253C4285A609D0065741B /* Build configuration list for PBXProject "Steemool" */;
			compatibilityVersion = "Xcode 13.0";
			developmentRegion = en;
			hasScannedForEncodings = 0;
			knownRegions = (
				en,
				Base,
			);
			mainGroup = 4F4253C0285A609D0065741B;
			productRefGroup = 4F4253CA285A609D0065741B /* Products */;
			projectDirPath = "";
			projectRoot = "";
			targets = (
				4F4253C8285A609D0065741B /* Steemool */,
			);
		};
/* End PBXProject section */

/* Begin PBXResourcesBuildPhase section */
		4F4253C7285A609D0065741B /* Resources */ = {
			isa = PBXResourcesBuildPhase;
			buildActionMask = 2147483647;
			files = (
				85B846402861CC7A00904D84 /* SF-Pro-Text-Semibold.otf in Resources */,
				85B846412861CC7A00904D84 /* SF-Pro-Text-Regular.otf in Resources */,
				4F4253D9285A609F0065741B /* LaunchScreen.storyboard in Resources */,
				85B8463F2861CC7A00904D84 /* SF-Pro.ttf in Resources */,
				4F4253D6285A609F0065741B /* Assets.xcassets in Resources */,
			);
			runOnlyForDeploymentPostprocessing = 0;
		};
/* End PBXResourcesBuildPhase section */

/* Begin PBXShellScriptBuildPhase section */
		03356EAA7D8E37C23C6F5184 /* [CP] Check Pods Manifest.lock */ = {
			isa = PBXShellScriptBuildPhase;
			buildActionMask = 2147483647;
			files = (
			);
			inputFileListPaths = (
			);
			inputPaths = (
				"${PODS_PODFILE_DIR_PATH}/Podfile.lock",
				"${PODS_ROOT}/Manifest.lock",
			);
			name = "[CP] Check Pods Manifest.lock";
			outputFileListPaths = (
			);
			outputPaths = (
				"$(DERIVED_FILE_DIR)/Pods-Steemool-checkManifestLockResult.txt",
			);
			runOnlyForDeploymentPostprocessing = 0;
			shellPath = /bin/sh;
			shellScript = "diff \"${PODS_PODFILE_DIR_PATH}/Podfile.lock\" \"${PODS_ROOT}/Manifest.lock\" > /dev/null\nif [ $? != 0 ] ; then\n    # print error to STDERR\n    echo \"error: The sandbox is not in sync with the Podfile.lock. Run 'pod install' or update your CocoaPods installation.\" >&2\n    exit 1\nfi\n# This output is used by Xcode 'outputs' to avoid re-running this script phase.\necho \"SUCCESS\" > \"${SCRIPT_OUTPUT_FILE_0}\"\n";
			showEnvVarsInLog = 0;
		};
		E04FC954AD437F614DABCB61 /* [CP] Embed Pods Frameworks */ = {
			isa = PBXShellScriptBuildPhase;
			buildActionMask = 2147483647;
			files = (
			);
			inputFileListPaths = (
				"${PODS_ROOT}/Target Support Files/Pods-Steemool/Pods-Steemool-frameworks-${CONFIGURATION}-input-files.xcfilelist",
			);
			name = "[CP] Embed Pods Frameworks";
			outputFileListPaths = (
				"${PODS_ROOT}/Target Support Files/Pods-Steemool/Pods-Steemool-frameworks-${CONFIGURATION}-output-files.xcfilelist",
			);
			runOnlyForDeploymentPostprocessing = 0;
			shellPath = /bin/sh;
			shellScript = "\"${PODS_ROOT}/Target Support Files/Pods-Steemool/Pods-Steemool-frameworks.sh\"\n";
			showEnvVarsInLog = 0;
		};
/* End PBXShellScriptBuildPhase section */

/* Begin PBXSourcesBuildPhase section */
		4F4253C5285A609D0065741B /* Sources */ = {
			isa = PBXSourcesBuildPhase;
			buildActionMask = 2147483647;
			files = (
				4F42540F285C80600065741B /* Saying.swift in Sources */,
				859A4B2C2869C433008BF432 /* UIView+Extensions.swift in Sources */,
				85B84673286202FD00904D84 /* DeepLinkOption.swift in Sources */,
				4F425404285A69290065741B /* Dimension.swift in Sources */,
				85B846452861CD9500904D84 /* SayingsCollectionViewCell.swift in Sources */,
				4F4253D1285A609D0065741B /* SayingsViewController.swift in Sources */,
				85B846502861D41700904D84 /* ContinueWithAccountButton.swift in Sources */,
				85B8465B2861EC7800904D84 /* Coordinatable.swift in Sources */,
				4F4253CD285A609D0065741B /* AppDelegate.swift in Sources */,
				85B8466F286200FC00904D84 /* Closures.swift in Sources */,
				85B846572861EBFE00904D84 /* BaseCoordinator.swift in Sources */,
				85B8466C2862009900904D84 /* MainCoordinatorOutput.swift in Sources */,
				8513895D28868C0800D4EDE8 /* UIColor+Extensions.swift in Sources */,
				8513895B2885D6E000D4EDE8 /* MailRegistrationViewController.swift in Sources */,
				85B8466A2862006200904D84 /* MainCoordinator.swift in Sources */,
				85B846682861FD2C00904D84 /* UIApplication+Extensions.swift in Sources */,
				85B8464E2861D3FD00904D84 /* LogInButton.swift in Sources */,
				4F425405285A69290065741B /* Device.swift in Sources */,
				859A4B2A2869C3D4008BF432 /* UIImage+Extensions.swift in Sources */,
				85B846652861FAE300904D84 /* Router.swift in Sources */,
				4F425403285A69290065741B /* AdaptiveLayoutHelper.swift in Sources */,
				4F425401285A69290065741B /* Int.swift in Sources */,
				85B846712862015700904D84 /* MainModuleConfigurator.swift in Sources */,
				4F42540C285C76950065741B /* SayingsService.swift in Sources */,
				85B8464C2861D3DA00904D84 /* UserAuthorizationDataTextField.swift in Sources */,
				85B846522861D44500904D84 /* AuthorizationViewController.swift in Sources */,
				85B8465D2861ECB300904D84 /* Presentable.swift in Sources */,
				4F425402285A69290065741B /* CGFloat.swift in Sources */,
				4F425400285A69290065741B /* Array.swift in Sources */,
				85B846542861EAE700904D84 /* ApplicationCoordinator.swift in Sources */,
				85B8465F2861ED0000904D84 /* Routable.swift in Sources */,
			);
			runOnlyForDeploymentPostprocessing = 0;
		};
/* End PBXSourcesBuildPhase section */

/* Begin PBXVariantGroup section */
		4F4253D7285A609F0065741B /* LaunchScreen.storyboard */ = {
			isa = PBXVariantGroup;
			children = (
				4F4253D8285A609F0065741B /* Base */,
			);
			name = LaunchScreen.storyboard;
			sourceTree = "<group>";
		};
/* End PBXVariantGroup section */

/* Begin XCBuildConfiguration section */
		4F4253DB285A609F0065741B /* Debug */ = {
			isa = XCBuildConfiguration;
			buildSettings = {
				ALWAYS_SEARCH_USER_PATHS = NO;
				CLANG_ANALYZER_NONNULL = YES;
				CLANG_ANALYZER_NUMBER_OBJECT_CONVERSION = YES_AGGRESSIVE;
				CLANG_CXX_LANGUAGE_STANDARD = "gnu++17";
				CLANG_ENABLE_MODULES = YES;
				CLANG_ENABLE_OBJC_ARC = YES;
				CLANG_ENABLE_OBJC_WEAK = YES;
				CLANG_WARN_BLOCK_CAPTURE_AUTORELEASING = YES;
				CLANG_WARN_BOOL_CONVERSION = YES;
				CLANG_WARN_COMMA = YES;
				CLANG_WARN_CONSTANT_CONVERSION = YES;
				CLANG_WARN_DEPRECATED_OBJC_IMPLEMENTATIONS = YES;
				CLANG_WARN_DIRECT_OBJC_ISA_USAGE = YES_ERROR;
				CLANG_WARN_DOCUMENTATION_COMMENTS = YES;
				CLANG_WARN_EMPTY_BODY = YES;
				CLANG_WARN_ENUM_CONVERSION = YES;
				CLANG_WARN_INFINITE_RECURSION = YES;
				CLANG_WARN_INT_CONVERSION = YES;
				CLANG_WARN_NON_LITERAL_NULL_CONVERSION = YES;
				CLANG_WARN_OBJC_IMPLICIT_RETAIN_SELF = YES;
				CLANG_WARN_OBJC_LITERAL_CONVERSION = YES;
				CLANG_WARN_OBJC_ROOT_CLASS = YES_ERROR;
				CLANG_WARN_QUOTED_INCLUDE_IN_FRAMEWORK_HEADER = YES;
				CLANG_WARN_RANGE_LOOP_ANALYSIS = YES;
				CLANG_WARN_STRICT_PROTOTYPES = YES;
				CLANG_WARN_SUSPICIOUS_MOVE = YES;
				CLANG_WARN_UNGUARDED_AVAILABILITY = YES_AGGRESSIVE;
				CLANG_WARN_UNREACHABLE_CODE = YES;
				CLANG_WARN__DUPLICATE_METHOD_MATCH = YES;
				COPY_PHASE_STRIP = NO;
				DEBUG_INFORMATION_FORMAT = dwarf;
				ENABLE_STRICT_OBJC_MSGSEND = YES;
				ENABLE_TESTABILITY = YES;
				GCC_C_LANGUAGE_STANDARD = gnu11;
				GCC_DYNAMIC_NO_PIC = NO;
				GCC_NO_COMMON_BLOCKS = YES;
				GCC_OPTIMIZATION_LEVEL = 0;
				GCC_PREPROCESSOR_DEFINITIONS = (
					"DEBUG=1",
					"$(inherited)",
				);
				GCC_WARN_64_TO_32_BIT_CONVERSION = YES;
				GCC_WARN_ABOUT_RETURN_TYPE = YES_ERROR;
				GCC_WARN_UNDECLARED_SELECTOR = YES;
				GCC_WARN_UNINITIALIZED_AUTOS = YES_AGGRESSIVE;
				GCC_WARN_UNUSED_FUNCTION = YES;
				GCC_WARN_UNUSED_VARIABLE = YES;
				IPHONEOS_DEPLOYMENT_TARGET = 13.0;
				MTL_ENABLE_DEBUG_INFO = INCLUDE_SOURCE;
				MTL_FAST_MATH = YES;
				ONLY_ACTIVE_ARCH = YES;
				SDKROOT = iphoneos;
				SWIFT_ACTIVE_COMPILATION_CONDITIONS = DEBUG;
				SWIFT_OPTIMIZATION_LEVEL = "-Onone";
			};
			name = Debug;
		};
		4F4253DC285A609F0065741B /* Release */ = {
			isa = XCBuildConfiguration;
			buildSettings = {
				ALWAYS_SEARCH_USER_PATHS = NO;
				CLANG_ANALYZER_NONNULL = YES;
				CLANG_ANALYZER_NUMBER_OBJECT_CONVERSION = YES_AGGRESSIVE;
				CLANG_CXX_LANGUAGE_STANDARD = "gnu++17";
				CLANG_ENABLE_MODULES = YES;
				CLANG_ENABLE_OBJC_ARC = YES;
				CLANG_ENABLE_OBJC_WEAK = YES;
				CLANG_WARN_BLOCK_CAPTURE_AUTORELEASING = YES;
				CLANG_WARN_BOOL_CONVERSION = YES;
				CLANG_WARN_COMMA = YES;
				CLANG_WARN_CONSTANT_CONVERSION = YES;
				CLANG_WARN_DEPRECATED_OBJC_IMPLEMENTATIONS = YES;
				CLANG_WARN_DIRECT_OBJC_ISA_USAGE = YES_ERROR;
				CLANG_WARN_DOCUMENTATION_COMMENTS = YES;
				CLANG_WARN_EMPTY_BODY = YES;
				CLANG_WARN_ENUM_CONVERSION = YES;
				CLANG_WARN_INFINITE_RECURSION = YES;
				CLANG_WARN_INT_CONVERSION = YES;
				CLANG_WARN_NON_LITERAL_NULL_CONVERSION = YES;
				CLANG_WARN_OBJC_IMPLICIT_RETAIN_SELF = YES;
				CLANG_WARN_OBJC_LITERAL_CONVERSION = YES;
				CLANG_WARN_OBJC_ROOT_CLASS = YES_ERROR;
				CLANG_WARN_QUOTED_INCLUDE_IN_FRAMEWORK_HEADER = YES;
				CLANG_WARN_RANGE_LOOP_ANALYSIS = YES;
				CLANG_WARN_STRICT_PROTOTYPES = YES;
				CLANG_WARN_SUSPICIOUS_MOVE = YES;
				CLANG_WARN_UNGUARDED_AVAILABILITY = YES_AGGRESSIVE;
				CLANG_WARN_UNREACHABLE_CODE = YES;
				CLANG_WARN__DUPLICATE_METHOD_MATCH = YES;
				COPY_PHASE_STRIP = NO;
				DEBUG_INFORMATION_FORMAT = "dwarf-with-dsym";
				ENABLE_NS_ASSERTIONS = NO;
				ENABLE_STRICT_OBJC_MSGSEND = YES;
				GCC_C_LANGUAGE_STANDARD = gnu11;
				GCC_NO_COMMON_BLOCKS = YES;
				GCC_WARN_64_TO_32_BIT_CONVERSION = YES;
				GCC_WARN_ABOUT_RETURN_TYPE = YES_ERROR;
				GCC_WARN_UNDECLARED_SELECTOR = YES;
				GCC_WARN_UNINITIALIZED_AUTOS = YES_AGGRESSIVE;
				GCC_WARN_UNUSED_FUNCTION = YES;
				GCC_WARN_UNUSED_VARIABLE = YES;
				IPHONEOS_DEPLOYMENT_TARGET = 13.0;
				MTL_ENABLE_DEBUG_INFO = NO;
				MTL_FAST_MATH = YES;
				SDKROOT = iphoneos;
				SWIFT_COMPILATION_MODE = wholemodule;
				SWIFT_OPTIMIZATION_LEVEL = "-O";
				VALIDATE_PRODUCT = YES;
			};
			name = Release;
		};
		4F4253DE285A609F0065741B /* Debug */ = {
			isa = XCBuildConfiguration;
			baseConfigurationReference = FF8DD6751282B1617567AFED /* Pods-Steemool.debug.xcconfig */;
			buildSettings = {
				ASSETCATALOG_COMPILER_APPICON_NAME = AppIcon;
				ASSETCATALOG_COMPILER_GLOBAL_ACCENT_COLOR_NAME = AccentColor;
				CODE_SIGN_STYLE = Automatic;
				CURRENT_PROJECT_VERSION = 1;
				DEVELOPMENT_TEAM = 28423D34T2;
				GENERATE_INFOPLIST_FILE = YES;
				INFOPLIST_FILE = Steemool/Application/Info.plist;
				INFOPLIST_KEY_UIApplicationSupportsIndirectInputEvents = YES;
				INFOPLIST_KEY_UILaunchStoryboardName = LaunchScreen;
				INFOPLIST_KEY_UISupportedInterfaceOrientations = UIInterfaceOrientationPortrait;
				INFOPLIST_KEY_UISupportedInterfaceOrientations_iPad = "UIInterfaceOrientationPortrait UIInterfaceOrientationPortraitUpsideDown UIInterfaceOrientationLandscapeLeft UIInterfaceOrientationLandscapeRight";
				INFOPLIST_KEY_UISupportedInterfaceOrientations_iPhone = "UIInterfaceOrientationPortrait UIInterfaceOrientationLandscapeLeft UIInterfaceOrientationLandscapeRight";
				LD_RUNPATH_SEARCH_PATHS = (
					"$(inherited)",
					"@executable_path/Frameworks",
				);
				MARKETING_VERSION = 1.0;
				PRODUCT_BUNDLE_IDENTIFIER = eatsthesoul.Steemool;
				PRODUCT_NAME = "$(TARGET_NAME)";
				SWIFT_EMIT_LOC_STRINGS = YES;
				SWIFT_VERSION = 5.0;
				TARGETED_DEVICE_FAMILY = "1,2";
			};
			name = Debug;
		};
		4F4253DF285A609F0065741B /* Release */ = {
			isa = XCBuildConfiguration;
			baseConfigurationReference = 5AF4C0D12270EE6A18D5FEBE /* Pods-Steemool.release.xcconfig */;
			buildSettings = {
				ASSETCATALOG_COMPILER_APPICON_NAME = AppIcon;
				ASSETCATALOG_COMPILER_GLOBAL_ACCENT_COLOR_NAME = AccentColor;
				CODE_SIGN_STYLE = Automatic;
				CURRENT_PROJECT_VERSION = 1;
				DEVELOPMENT_TEAM = 28423D34T2;
				GENERATE_INFOPLIST_FILE = YES;
				INFOPLIST_FILE = Steemool/Application/Info.plist;
				INFOPLIST_KEY_UIApplicationSupportsIndirectInputEvents = YES;
				INFOPLIST_KEY_UILaunchStoryboardName = LaunchScreen;
				INFOPLIST_KEY_UISupportedInterfaceOrientations = UIInterfaceOrientationPortrait;
				INFOPLIST_KEY_UISupportedInterfaceOrientations_iPad = "UIInterfaceOrientationPortrait UIInterfaceOrientationPortraitUpsideDown UIInterfaceOrientationLandscapeLeft UIInterfaceOrientationLandscapeRight";
				INFOPLIST_KEY_UISupportedInterfaceOrientations_iPhone = "UIInterfaceOrientationPortrait UIInterfaceOrientationLandscapeLeft UIInterfaceOrientationLandscapeRight";
				LD_RUNPATH_SEARCH_PATHS = (
					"$(inherited)",
					"@executable_path/Frameworks",
				);
				MARKETING_VERSION = 1.0;
				PRODUCT_BUNDLE_IDENTIFIER = eatsthesoul.Steemool;
				PRODUCT_NAME = "$(TARGET_NAME)";
				SWIFT_EMIT_LOC_STRINGS = YES;
				SWIFT_VERSION = 5.0;
				TARGETED_DEVICE_FAMILY = "1,2";
			};
			name = Release;
		};
/* End XCBuildConfiguration section */

/* Begin XCConfigurationList section */
		4F4253C4285A609D0065741B /* Build configuration list for PBXProject "Steemool" */ = {
			isa = XCConfigurationList;
			buildConfigurations = (
				4F4253DB285A609F0065741B /* Debug */,
				4F4253DC285A609F0065741B /* Release */,
			);
			defaultConfigurationIsVisible = 0;
			defaultConfigurationName = Release;
		};
		4F4253DD285A609F0065741B /* Build configuration list for PBXNativeTarget "Steemool" */ = {
			isa = XCConfigurationList;
			buildConfigurations = (
				4F4253DE285A609F0065741B /* Debug */,
				4F4253DF285A609F0065741B /* Release */,
			);
			defaultConfigurationIsVisible = 0;
			defaultConfigurationName = Release;
		};
/* End XCConfigurationList section */
	};
	rootObject = 4F4253C1285A609D0065741B /* Project object */;
}
